{
  "name": "parceljs",
  "version": "1.0.0",
  "lockfileVersion": 1,
  "requires": true,
  "dependencies": {
    "argparse": {
      "version": "1.0.10",
      "resolved": "https://registry.npmjs.org/argparse/-/argparse-1.0.10.tgz",
      "integrity": "sha512-o5Roy6tNG4SL/FOkCAN6RzjiakZS25RLYFrcMttJqbdd8BWrnA+fGz57iN5Pb06pvBGvl5gQ0B48dJlslXvoTg==",
      "requires": {
        "sprintf-js": "~1.0.2"
      }
    },
    "clipboard": {
      "version": "2.0.6",
      "resolved": "https://registry.npmjs.org/clipboard/-/clipboard-2.0.6.tgz",
      "integrity": "sha512-g5zbiixBRk/wyKakSwCKd7vQXDjFnAMGHoEyBogG/bw9kTD9GvdAvaoRR1ALcEzt3pVKxZR0pViekPMIS0QyGg==",
      "optional": true,
      "requires": {
        "good-listener": "^1.2.2",
        "select": "^1.1.2",
        "tiny-emitter": "^2.0.0"
      }
    },
    "delegate": {
      "version": "3.2.0",
      "resolved": "https://registry.npmjs.org/delegate/-/delegate-3.2.0.tgz",
      "integrity": "sha512-IofjkYBZaZivn0V8nnsMJGBr4jVLxHDheKSW88PyxS5QC4Vo9ZbZVvhzlSxY87fVq3STR6r+4cGepyHkcWOQSw==",
      "optional": true
    },
    "entities": {
      "version": "2.0.3",
      "resolved": "https://registry.npmjs.org/entities/-/entities-2.0.3.tgz",
      "integrity": "sha512-MyoZ0jgnLvB2X3Lg5HqpFmn1kybDiIfEQmKzTb5apr51Rb+T3KdmMiqa70T+bhGnyv7bQ6WMj2QMHpGMmlrUYQ=="
    },
    "good-listener": {
      "version": "1.2.2",
      "resolved": "https://registry.npmjs.org/good-listener/-/good-listener-1.2.2.tgz",
      "integrity": "sha1-1TswzfkxPf+33JoNR3CWqm0UXFA=",
      "optional": true,
      "requires": {
        "delegate": "^3.1.2"
      }
    },
    "highlight.js": {
      "version": "10.1.2",
      "resolved": "https://registry.npmjs.org/highlight.js/-/highlight.js-10.1.2.tgz",
      "integrity": "sha512-Q39v/Mn5mfBlMff9r+zzA+gWxRsCRKwEMvYTiisLr/XUiFI/4puWt0Ojdko3R3JCNWGdOWaA5g/Yxqa23kC5AA=="
    },
    "jquery": {
      "version": "3.5.1",
      "resolved": "https://registry.npmjs.org/jquery/-/jquery-3.5.1.tgz",
      "integrity": "sha512-XwIBPqcMn57FxfT+Go5pzySnm4KWkT1Tv7gjrpT1srtf8Weynl6R273VJ5GjkRb51IzMp5nbaPjJXMWeju2MKg=="
    },
    "linkify-it": {
      "version": "3.0.2",
      "resolved": "https://registry.npmjs.org/linkify-it/-/linkify-it-3.0.2.tgz",
      "integrity": "sha512-gDBO4aHNZS6coiZCKVhSNh43F9ioIL4JwRjLZPkoLIY4yZFwg264Y5lu2x6rb1Js42Gh6Yqm2f6L2AJcnkzinQ==",
      "requires": {
        "uc.micro": "^1.0.1"
      }
    },
    "lodash": {
      "version": "4.17.20",
      "resolved": "https://registry.npmjs.org/lodash/-/lodash-4.17.20.tgz",
      "integrity": "sha512-PlhdFcillOINfeV7Ni6oF1TAEayyZBoZ8bcshTHqOYJYlrqzRK5hagpagky5o4HfCzzd1TRkXPMFq6cKk9rGmA=="
    },
    "markdown-it": {
      "version": "11.0.0",
      "resolved": "https://registry.npmjs.org/markdown-it/-/markdown-it-11.0.0.tgz",
      "integrity": "sha512-+CvOnmbSubmQFSA9dKz1BRiaSMV7rhexl3sngKqFyXSagoA3fBdJQ8oZWtRy2knXdpDXaBw44euz37DeJQ9asg==",
      "requires": {
        "argparse": "^1.0.7",
        "entities": "~2.0.0",
        "linkify-it": "^3.0.1",
        "mdurl": "^1.0.1",
        "uc.micro": "^1.0.5"
      }
    },
    "markdown-it-abbr": {
      "version": "1.0.4",
      "resolved": "https://registry.npmjs.org/markdown-it-abbr/-/markdown-it-abbr-1.0.4.tgz",
      "integrity": "sha1-1mtTZFIcuz3Yqlna37ovtoZcj9g="
    },
    "markdown-it-anchor": {
      "version": "5.3.0",
      "resolved": "https://registry.npmjs.org/markdown-it-anchor/-/markdown-it-anchor-5.3.0.tgz",
      "integrity": "sha512-/V1MnLL/rgJ3jkMWo84UR+K+jF1cxNG1a+KwqeXqTIJ+jtA8aWSHuigx8lTzauiIjBDbwF3NcWQMotd0Dm39jA=="
    },
    "markdown-it-container": {
      "version": "3.0.0",
      "resolved": "https://registry.npmjs.org/markdown-it-container/-/markdown-it-container-3.0.0.tgz",
      "integrity": "sha512-y6oKTq4BB9OQuY/KLfk/O3ysFhB3IMYoIWhGJEidXt1NQFocFK2sA2t0NYZAMyMShAGL6x5OPIbrmXPIqaN9rw=="
    },
    "markdown-it-deflist": {
      "version": "2.0.3",
      "resolved": "https://registry.npmjs.org/markdown-it-deflist/-/markdown-it-deflist-2.0.3.tgz",
      "integrity": "sha512-/BNZ8ksW42bflm1qQLnRI09oqU2847Z7MVavrR0MORyKLtiUYOMpwtlAfMSZAQU9UCvaUZMpgVAqoS3vpToJxw=="
    },
    "markdown-it-emoji": {
      "version": "1.4.0",
      "resolved": "https://registry.npmjs.org/markdown-it-emoji/-/markdown-it-emoji-1.4.0.tgz",
      "integrity": "sha1-m+4OmpkKljupbfaYDE/dsF37Tcw="
    },
    "markdown-it-footnote": {
      "version": "3.0.2",
      "resolved": "https://registry.npmjs.org/markdown-it-footnote/-/markdown-it-footnote-3.0.2.tgz",
      "integrity": "sha512-JVW6fCmZWjvMdDQSbOT3nnOQtd9iAXmw7hTSh26+v42BnvXeVyGMDBm5b/EZocMed2MbCAHiTX632vY0FyGB8A=="
    },
    "markdown-it-highlightjs-external": {
      "version": "1.0.1",
      "resolved": "https://registry.npmjs.org/markdown-it-highlightjs-external/-/markdown-it-highlightjs-external-1.0.1.tgz",
      "integrity": "sha512-qkbrcWVhSmUzUmLNQBWDU1k/tHhhqPTRLXs54BIwk5L0N2RXj95jOt9wu78ehc/fpCX7bb/OHXtkBkavGkbcPQ=="
    },
    "markdown-it-images-preview": {
      "version": "1.0.1",
      "resolved": "https://registry.npmjs.org/markdown-it-images-preview/-/markdown-it-images-preview-1.0.1.tgz",
      "integrity": "sha1-F9brhJHMzSND1ORBmhq+nKQ8C7s="
    },
    "markdown-it-ins": {
      "version": "3.0.0",
      "resolved": "https://registry.npmjs.org/markdown-it-ins/-/markdown-it-ins-3.0.0.tgz",
      "integrity": "sha512-+vyAdBuMGwmT2yMlAFJSx2VR/0QZ1onQ/Mkkmr4l9tDFOh5sVoAgRbkgbuSsk+sxJ9vaMH/IQ323ydfvQrPO/Q=="
    },
    "markdown-it-katex-external": {
      "version": "1.0.0",
      "resolved": "https://registry.npmjs.org/markdown-it-katex-external/-/markdown-it-katex-external-1.0.0.tgz",
      "integrity": "sha1-eNF4bZTfhlDgvqef+8Cx8D/XxgY="
    },
    "markdown-it-mark": {
      "version": "3.0.0",
      "resolved": "https://registry.npmjs.org/markdown-it-mark/-/markdown-it-mark-3.0.0.tgz",
      "integrity": "sha512-HqMWeKfMMOu4zBO0emmxsoMWmbf2cPKZY1wP6FsTbKmicFfp5y4L3KXAsNeO1rM6NTJVOrNlLKMPjWzriBGspw=="
    },
    "markdown-it-mathjax": {
      "version": "2.0.0",
      "resolved": "https://registry.npmjs.org/markdown-it-mathjax/-/markdown-it-mathjax-2.0.0.tgz",
      "integrity": "sha1-ritPTFxxmgP55HXGZPeyaFIx2ek="
    },
    "markdown-it-regexp": {
      "version": "0.4.0",
      "resolved": "https://registry.npmjs.org/markdown-it-regexp/-/markdown-it-regexp-0.4.0.tgz",
      "integrity": "sha1-1k1xPuzsVc5M/esyF1DswJniwtw="
    },
    "markdown-it-sub": {
      "version": "1.0.0",
      "resolved": "https://registry.npmjs.org/markdown-it-sub/-/markdown-it-sub-1.0.0.tgz",
      "integrity": "sha1-N1/WAm6ufdywEkl/ZBEZXqHjr+g="
    },
    "markdown-it-sup": {
      "version": "1.0.0",
      "resolved": "https://registry.npmjs.org/markdown-it-sup/-/markdown-it-sup-1.0.0.tgz",
      "integrity": "sha1-y5yf+RpSVawI8/09YyhuFd8KH8M="
    },
    "markdown-it-table-of-contents": {
      "version": "0.4.4",
      "resolved": "https://registry.npmjs.org/markdown-it-table-of-contents/-/markdown-it-table-of-contents-0.4.4.tgz",
      "integrity": "sha512-TAIHTHPwa9+ltKvKPWulm/beozQU41Ab+FIefRaQV1NRnpzwcV9QOe6wXQS5WLivm5Q/nlo0rl6laGkMDZE7Gw=="
    },
    "markdown-it-task-lists": {
      "version": "2.1.1",
      "resolved": "https://registry.npmjs.org/markdown-it-task-lists/-/markdown-it-task-lists-2.1.1.tgz",
      "integrity": "sha512-TxFAc76Jnhb2OUu+n3yz9RMu4CwGfaT788br6HhEDlvWfdeJcLUsxk1Hgw2yJio0OXsxv7pyIPmvECY7bMbluA=="
    },
    "markdown-render-js": {
      "version": "1.0.3",
      "resolved": "https://registry.npmjs.org/markdown-render-js/-/markdown-render-js-1.0.3.tgz",
      "integrity": "sha512-pPgkHp0hy+2ilv6gL16iYPMr0oqy6YDYtTVId74MAzXIMRjLs5na+WoW2xqwHJkV+wvoDwykvjekZTGDToFirA==",
      "requires": {
        "highlight.js": "10.1.2",
        "jquery": "3.5.1",
        "lodash": "4.17.20",
        "markdown-it": "11.0.0",
        "markdown-it-abbr": "1.0.4",
        "markdown-it-anchor": "5.3.0",
        "markdown-it-container": "3.0.0",
        "markdown-it-deflist": "2.0.3",
        "markdown-it-emoji": "1.4.0",
        "markdown-it-footnote": "3.0.2",
        "markdown-it-highlightjs-external": "1.0.1",
        "markdown-it-images-preview": "1.0.1",
        "markdown-it-ins": "3.0.0",
        "markdown-it-katex-external": "1.0.0",
        "markdown-it-mark": "3.0.0",
        "markdown-it-mathjax": "2.0.0",
        "markdown-it-regexp": "0.4.0",
        "markdown-it-sub": "1.0.0",
        "markdown-it-sup": "1.0.0",
        "markdown-it-table-of-contents": "0.4.4",
        "markdown-it-task-lists": "2.1.1",
        "pdfobject": "2.1.1",
        "prismjs": "1.21.0",
        "validator": "13.1.1"
      }
    },
    "mdurl": {
      "version": "1.0.1",
      "resolved": "https://registry.npmjs.org/mdurl/-/mdurl-1.0.1.tgz",
      "integrity": "sha1-/oWy7HWlkDfyrf7BAP1sYBdhFS4="
    },
    "pdfobject": {
      "version": "2.1.1",
      "resolved": "https://registry.npmjs.org/pdfobject/-/pdfobject-2.1.1.tgz",
      "integrity": "sha512-QFktTHyjs4q/WhGFfV2RdAbscPdNkyQb/JfFz18cwILvs9ocDiYVFAEh/jgkKGv6my+r4nlbLjwj7BHFKAupHQ=="
    },
    "prismjs": {
      "version": "1.21.0",
      "resolved": "https://registry.npmjs.org/prismjs/-/prismjs-1.21.0.tgz",
      "integrity": "sha512-uGdSIu1nk3kej2iZsLyDoJ7e9bnPzIgY0naW/HdknGj61zScaprVEVGHrPoXqI+M9sP0NDnTK2jpkvmldpuqDw==",
      "requires": {
        "clipboard": "^2.0.0"
      }
    },
    "select": {
      "version": "1.1.2",
      "resolved": "https://registry.npmjs.org/select/-/select-1.1.2.tgz",
      "integrity": "sha1-DnNQrN7ICxEIUoeG7B1EGNEbOW0=",
      "optional": true
    },
    "sprintf-js": {
      "version": "1.0.3",
      "resolved": "https://registry.npmjs.org/sprintf-js/-/sprintf-js-1.0.3.tgz",
      "integrity": "sha1-BOaSb2YolTVPPdAVIDYzuFcpfiw="
    },
    "tiny-emitter": {
      "version": "2.1.0",
      "resolved": "https://registry.npmjs.org/tiny-emitter/-/tiny-emitter-2.1.0.tgz",
      "integrity": "sha512-NB6Dk1A9xgQPMoGqC5CVXn123gWyte215ONT5Pp5a0yt4nlEoO1ZWeCwpncaekPHXO60i47ihFnZPiRPjRMq4Q==",
      "optional": true
    },
    "uc.micro": {
      "version": "1.0.6",
      "resolved": "https://registry.npmjs.org/uc.micro/-/uc.micro-1.0.6.tgz",
      "integrity": "sha512-8Y75pvTYkLJW2hWQHXxoqRgV7qb9B+9vFEtidML+7koHUFapnVJAZ6cKs+Qjz5Aw3aZWHMC6u0wJE3At+nSGwA=="
    },
    "validator": {
      "version": "13.1.1",
      "resolved": "https://registry.npmjs.org/validator/-/validator-13.1.1.tgz",
      "integrity": "sha512-8GfPiwzzRoWTg7OV1zva1KvrSemuMkv07MA9TTl91hfhe+wKrsrgVN4H2QSFd/U/FhiU3iWPYVgvbsOGwhyFWw=="
    }
  }
}
